{
  "nodes": {
    "flake-parts": {
      "inputs": {
        "nixpkgs-lib": "nixpkgs-lib"
      },
      "locked": {
        "lastModified": 1760813311,
        "narHash": "sha256-lbHQ7FXGzt6/IygWvJ1lCq+Txcut3xYYd6VIpF1ojkg=",
        "owner": "hercules-ci",
        "repo": "flake-parts",
        "rev": "4e627ac2e1b8f1de7f5090064242de9a259dbbc8",
        "type": "github"
      },
      "original": {
        "owner": "hercules-ci",
        "repo": "flake-parts",
        "type": "github"
      }
    },
    "nixpkgs": {
      "locked": {
        "lastModified": 1760782043,
        "narHash": "sha256-+4A1SFln9wOCoUZM0mQfKefP1uRVmjz6bV5SPbl1Q/4=",
        "owner": "nixos",
        "repo": "nixpkgs",
        "rev": "36226520e9f7a35bf341cbe3b6a1ff9047bec6d9",
        "type": "github"
      },
      "original": {
        "owner": "nixos",
        "ref": "nixpkgs-unstable",
        "repo": "nixpkgs",
        "type": "github"
      }
    },
    "nixpkgs-lib": {
      "locked": {
        "lastModified": 1754788789,
        "narHash": "sha256-x2rJ+Ovzq0sCMpgfgGaaqgBSwY+LST+WbZ6TytnT9Rk=",
        "owner": "nix-community",
        "repo": "nixpkgs.lib",
        "rev": "a73b9c743612e4244d865a2fdee11865283c04e6",
        "type": "github"
      },
      "original": {
        "owner": "nix-community",
        "repo": "nixpkgs.lib",
        "type": "github"
      }
    },
    "root": {
      "inputs": {
        "flake-parts": "flake-parts",
        "nixpkgs": "nixpkgs",
        "theme-tabi": "theme-tabi"
      }
    },
    "theme-tabi": {
      "flake": false,
      "locked": {
        "lastModified": 1760817801,
        "narHash": "sha256-u9BFdJma4dMYhG6XQVo1PHA7/vhclHtrSOB/BKKALvo=",
        "owner": "zahidkizmaz",
        "repo": "tabi",
        "rev": "23bd52779a701ec039679b8758b1e7d85233f4cb",
        "type": "github"
      },
      "original": {
        "owner": "zahidkizmaz",
        "ref": "cleanup/remove-stuff",
        "repo": "tabi",
        "type": "github"
      }
    }
  },
  "root": "root",
  "version": 7
}
